
Microsoft Visual Studio Solution File, Format Version 12.00
# Visual Studio Version 17
VisualStudioVersion = 17.1.32421.90
MinimumVisualStudioVersion = 10.0.40219.1
Project("{9A19103F-16F7-4668-BE54-9A1E7A4F7556}") = "MessagesApp", "MessagesApp\MessagesApp.csproj", "{33AA108A-230C-4604-AE33-887247D39A49}"
EndProject
Project("{9A19103F-16F7-4668-BE54-9A1E7A4F7556}") = "Models", "Models\Models.csproj", "{16596A5C-35F7-4A30-9A26-19B080F91E48}"
EndProject
Project("{FAE04EC0-301F-11D3-BF4B-00C04F79EFBC}") = "Repository", "Repository\Repository.csproj", "{0766CE29-ED3D-4DCF-9436-7734BDBBC94B}"
EndProject
Project("{FAE04EC0-301F-11D3-BF4B-00C04F79EFBC}") = "Srevices", "Srevices\Srevices.csproj", "{346F99CF-E44D-47C6-BAD7-26FCC82288E6}"
EndProject
Project("{FAE04EC0-301F-11D3-BF4B-00C04F79EFBC}") = "WebApi", "WebApi\WebApi.csproj", "{324B050F-D222-4BDF-A60F-2B87E6BA8094}"
EndProject
Global
	GlobalSection(SolutionConfigurationPlatforms) = preSolution
		Debug|Any CPU = Debug|Any CPU
		Release|Any CPU = Release|Any CPU
	EndGlobalSection
	GlobalSection(ProjectConfigurationPlatforms) = postSolution
		{33AA108A-230C-4604-AE33-887247D39A49}.Debug|Any CPU.ActiveCfg = Debug|Any CPU
		{33AA108A-230C-4604-AE33-887247D39A49}.Debug|Any CPU.Build.0 = Debug|Any CPU
		{33AA108A-230C-4604-AE33-887247D39A49}.Release|Any CPU.ActiveCfg = Release|Any CPU
		{33AA108A-230C-4604-AE33-887247D39A49}.Release|Any CPU.Build.0 = Release|Any CPU
		{16596A5C-35F7-4A30-9A26-19B080F91E48}.Debug|Any CPU.ActiveCfg = Debug|Any CPU
		{16596A5C-35F7-4A30-9A26-19B080F91E48}.Debug|Any CPU.Build.0 = Debug|Any CPU
		{16596A5C-35F7-4A30-9A26-19B080F91E48}.Release|Any CPU.ActiveCfg = Release|Any CPU
		{16596A5C-35F7-4A30-9A26-19B080F91E48}.Release|Any CPU.Build.0 = Release|Any CPU
		{0766CE29-ED3D-4DCF-9436-7734BDBBC94B}.Debug|Any CPU.ActiveCfg = Debug|Any CPU
		{0766CE29-ED3D-4DCF-9436-7734BDBBC94B}.Debug|Any CPU.Build.0 = Debug|Any CPU
		{0766CE29-ED3D-4DCF-9436-7734BDBBC94B}.Release|Any CPU.ActiveCfg = Release|Any CPU
		{0766CE29-ED3D-4DCF-9436-7734BDBBC94B}.Release|Any CPU.Build.0 = Release|Any CPU
		{346F99CF-E44D-47C6-BAD7-26FCC82288E6}.Debug|Any CPU.ActiveCfg = Debug|Any CPU
		{346F99CF-E44D-47C6-BAD7-26FCC82288E6}.Debug|Any CPU.Build.0 = Debug|Any CPU
		{346F99CF-E44D-47C6-BAD7-26FCC82288E6}.Release|Any CPU.ActiveCfg = Release|Any CPU
		{346F99CF-E44D-47C6-BAD7-26FCC82288E6}.Release|Any CPU.Build.0 = Release|Any CPU
		{324B050F-D222-4BDF-A60F-2B87E6BA8094}.Debug|Any CPU.ActiveCfg = Debug|Any CPU
		{324B050F-D222-4BDF-A60F-2B87E6BA8094}.Debug|Any CPU.Build.0 = Debug|Any CPU
		{324B050F-D222-4BDF-A60F-2B87E6BA8094}.Release|Any CPU.ActiveCfg = Release|Any CPU
		{324B050F-D222-4BDF-A60F-2B87E6BA8094}.Release|Any CPU.Build.0 = Release|Any CPU
	EndGlobalSection
	GlobalSection(SolutionProperties) = preSolution
		HideSolutionNode = FALSE
	EndGlobalSection
	GlobalSection(ExtensibilityGlobals) = postSolution
		SolutionGuid = {8C82A1FC-EBAE-4081-ABEB-212BE6417749}
	EndGlobalSection
EndGlobal
